<?xml version="1.0" encoding="utf-8"?>
<Project ToolsVersion="4.0" xmlns="http://schemas.microsoft.com/developer/msbuild/2003">
  <ItemGroup>
    <Filter Include="Source Files">
      <UniqueIdentifier>{cea5dc02-3a73-4954-a25e-08658d745832}</UniqueIdentifier>
      <Extensions>cpp;c;cxx;rc;def;r;odl;idl;hpj;bat</Extensions>
    </Filter>
    <Filter Include="Header Files">
      <UniqueIdentifier>{df70894c-7372-483b-9758-4ca1344be0fd}</UniqueIdentifier>
      <Extensions>h;hpp;hxx;hm;inl</Extensions>
    </Filter>
    <Filter Include="Resource Files">
      <UniqueIdentifier>{8ec60713-7f73-4e85-abe1-b9b1f53fe0b9}</UniqueIdentifier>
      <Extensions>ico;cur;bmp;dlg;rc2;rct;bin;rgs;gif;jpg;jpeg;jpe</Extensions>
    </Filter>
  </ItemGroup>
  <ItemGroup>
    <ClCompile Include="CVsdFilter.cpp">
      <Filter>Source Files</Filter>
    </ClCompile>
    <ClCompile Include="CVsdFont.cpp">
      <Filter>Source Files</Filter>
    </ClCompile>
    <ClCompile Include="CVsdLog.cpp">
      <Filter>Source Files</Filter>
    </ClCompile>
    <ClCompile Include="vsd_filter.cpp">
      <Filter>Source Files</Filter>
    </ClCompile>
  </ItemGroup>
  <ItemGroup>
    <None Include="vsd_filter.def">
      <Filter>Source Files</Filter>
    </None>
  </ItemGroup>
  <ItemGroup>
    <ClInclude Include="CVsdFilter.h">
      <Filter>Header Files</Filter>
    </ClInclude>
    <ClInclude Include="CVsdFont.h">
      <Filter>Header Files</Filter>
    </ClInclude>
    <ClInclude Include="CVsdLog.h">
      <Filter>Header Files</Filter>
    </ClInclude>
    <ClInclude Include="dds.h">
      <Filter>Header Files</Filter>
    </ClInclude>
    <ClInclude Include="def_checkbox.h">
      <Filter>Header Files</Filter>
    </ClInclude>
    <ClInclude Include="C:\DDS\vsd\vsd_filter\def_shadow.h">
      <Filter>Header Files</Filter>
    </ClInclude>
    <ClInclude Include="C:\DDS\vsd\vsd_filter\def_str_param.h">
      <Filter>Header Files</Filter>
    </ClInclude>
    <ClInclude Include="def_trackbar.h">
      <Filter>Header Files</Filter>
    </ClInclude>
    <ClInclude Include="filter.h">
      <Filter>Header Files</Filter>
    </ClInclude>
    <ClInclude Include="zlib\zconf.h">
      <Filter>Header Files</Filter>
    </ClInclude>
    <ClInclude Include="zlib\zlib.h">
      <Filter>Header Files</Filter>
    </ClInclude>
  </ItemGroup>
</Project>